
Microsoft Visual Studio Solution File, Format Version 12.00
# Visual Studio Version 17
VisualStudioVersion = 17.14.36310.24
MinimumVisualStudioVersion = 10.0.40219.1
Project("{FAE04EC0-301F-11D3-BF4B-00C04F79EFBC}") = "ChatRoomAPI", "ChatRoomAPI\ChatRoomAPI.csproj", "{8698195F-7AE5-46BC-B95D-68537187F191}"
EndProject
Project("{FAE04EC0-301F-11D3-BF4B-00C04F79EFBC}") = "ChatRoom", "ChatRoom\ChatRoom.csproj", "{2EFA2234-FE0B-4B72-B9E2-962B3484E257}"
EndProject
Project("{FAE04EC0-301F-11D3-BF4B-00C04F79EFBC}") = "ModelObjects", "ModelObjects\ModelObjects.csproj", "{9D445764-F4F0-4FE3-BD59-2AF65AE9856D}"
EndProject
Global
	GlobalSection(SolutionConfigurationPlatforms) = preSolution
		Debug|Any CPU = Debug|Any CPU
		Release|Any CPU = Release|Any CPU
	EndGlobalSection
	GlobalSection(ProjectConfigurationPlatforms) = postSolution
		{8698195F-7AE5-46BC-B95D-68537187F191}.Debug|Any CPU.ActiveCfg = Debug|Any CPU
		{8698195F-7AE5-46BC-B95D-68537187F191}.Debug|Any CPU.Build.0 = Debug|Any CPU
		{8698195F-7AE5-46BC-B95D-68537187F191}.Release|Any CPU.ActiveCfg = Release|Any CPU
		{8698195F-7AE5-46BC-B95D-68537187F191}.Release|Any CPU.Build.0 = Release|Any CPU
		{2EFA2234-FE0B-4B72-B9E2-962B3484E257}.Debug|Any CPU.ActiveCfg = Debug|Any CPU
		{2EFA2234-FE0B-4B72-B9E2-962B3484E257}.Debug|Any CPU.Build.0 = Debug|Any CPU
		{2EFA2234-FE0B-4B72-B9E2-962B3484E257}.Release|Any CPU.ActiveCfg = Release|Any CPU
		{2EFA2234-FE0B-4B72-B9E2-962B3484E257}.Release|Any CPU.Build.0 = Release|Any CPU
		{9D445764-F4F0-4FE3-BD59-2AF65AE9856D}.Debug|Any CPU.ActiveCfg = Debug|Any CPU
		{9D445764-F4F0-4FE3-BD59-2AF65AE9856D}.Debug|Any CPU.Build.0 = Debug|Any CPU
		{9D445764-F4F0-4FE3-BD59-2AF65AE9856D}.Release|Any CPU.ActiveCfg = Release|Any CPU
		{9D445764-F4F0-4FE3-BD59-2AF65AE9856D}.Release|Any CPU.Build.0 = Release|Any CPU
	EndGlobalSection
	GlobalSection(SolutionProperties) = preSolution
		HideSolutionNode = FALSE
	EndGlobalSection
	GlobalSection(ExtensibilityGlobals) = postSolution
		SolutionGuid = {5B4EC3D7-6AAE-4706-8CFD-9F7D1FB6E06F}
	EndGlobalSection
EndGlobal
